
Microsoft Visual Studio Solution File, Format Version 12.00
# Visual Studio Version 17
VisualStudioVersion = 17.0.32002.185
MinimumVisualStudioVersion = 10.0.40219.1
Project("{2150E333-8FDC-42A3-9474-1A3956D46DE8}") = "Services", "Services", "{5E72E538-1180-4DD1-9079-26CDFAD8EDB9}"
EndProject
Project("{2150E333-8FDC-42A3-9474-1A3956D46DE8}") = "Catalog", "Catalog", "{27E8E427-BE8C-44C5-912D-CAD8FAE95F79}"
EndProject
Project("{9A19103F-16F7-4668-BE54-9A1E7A4F7556}") = "Catalog.Api", "Services\Catalog\Catalog.Api\Catalog.Api.csproj", "{76CF9B42-320B-4C08-9511-9AF0D6E18AA4}"
EndProject
Project("{E53339B2-1760-4266-BCC7-CA923CBCF16C}") = "docker-compose", "docker-compose.dcproj", "{1A555AAB-4F12-4267-9A5A-5F48DCB13C6D}"
EndProject
Project("{2150E333-8FDC-42A3-9474-1A3956D46DE8}") = "Basket", "Basket", "{1BCC8C27-1315-4E9B-AEA6-4046FA8F613D}"
EndProject
Project("{9A19103F-16F7-4668-BE54-9A1E7A4F7556}") = "Basket.Api", "Services\Basket\Basket.Api\Basket.Api.csproj", "{9F8B64D5-4516-4396-9974-7696A5912B38}"
EndProject
Project("{2150E333-8FDC-42A3-9474-1A3956D46DE8}") = "Discount", "Discount", "{78D08173-A12E-4C55-9B36-B2E3EC34B059}"
EndProject
Project("{9A19103F-16F7-4668-BE54-9A1E7A4F7556}") = "Discount.Api", "Services\Discount\Discount.Api\Discount.Api.csproj", "{80D77B03-8849-4CFA-BCDF-4E0E1A74C9DA}"
EndProject
Project("{9A19103F-16F7-4668-BE54-9A1E7A4F7556}") = "Discount.Grpc", "Services\Discount\Discount.Grpc\Discount.Grpc.csproj", "{855A76B9-7F9F-41E6-8005-44D288A03C8A}"
EndProject
Project("{2150E333-8FDC-42A3-9474-1A3956D46DE8}") = "Ordering", "Ordering", "{91ED026B-E376-48DF-BB0C-F57BB4374A05}"
EndProject
Project("{9A19103F-16F7-4668-BE54-9A1E7A4F7556}") = "Ordering.Api", "Services\Ordering\Ordering.Api\Ordering.Api.csproj", "{B58ACB9C-1B77-429C-B1F1-95B4BB25FC16}"
EndProject
Project("{9A19103F-16F7-4668-BE54-9A1E7A4F7556}") = "Ordering.Domain", "Services\Ordering\Ordering.Domain\Ordering.Domain.csproj", "{252B1EF9-190F-4372-8E79-21E6DE063382}"
EndProject
Project("{9A19103F-16F7-4668-BE54-9A1E7A4F7556}") = "Ordering.Application", "Services\Ordering\Ordering.Application\Ordering.Application.csproj", "{302B78E4-EE55-4C80-A3F1-82B71459A6F8}"
EndProject
Project("{9A19103F-16F7-4668-BE54-9A1E7A4F7556}") = "Ordering.Infrastructure", "Services\Ordering\Ordering.Infrastructure\Ordering.Infrastructure.csproj", "{3E99D1E6-660A-4747-A57A-5FAA67FE16FE}"
EndProject
Project("{2150E333-8FDC-42A3-9474-1A3956D46DE8}") = "BuildingBlocks", "BuildingBlocks", "{9A31124A-EC58-4FE0-991C-E5459CC1F41C}"
EndProject
Project("{9A19103F-16F7-4668-BE54-9A1E7A4F7556}") = "EventBus.Messages", "BuildingBlocks\EventBus.Messages\EventBus.Messages.csproj", "{CDF8F699-56D2-4F99-88BF-61E597FC8D0C}"
EndProject
Project("{2150E333-8FDC-42A3-9474-1A3956D46DE8}") = "ApiGateWays", "ApiGateWays", "{7D6353D1-3224-48FC-B799-6AABFA595258}"
EndProject
Project("{9A19103F-16F7-4668-BE54-9A1E7A4F7556}") = "OcelotApiGateWay", "ApiGateWays\OcelotApiGateWay\OcelotApiGateWay.csproj", "{E1138587-9CDC-47DF-A823-22E125B9D8A0}"
EndProject
Project("{FAE04EC0-301F-11D3-BF4B-00C04F79EFBC}") = "Shopping.Aggregator", "ApiGateWays\Shopping.Aggregator\Shopping.Aggregator.csproj", "{D4E31E8E-D10F-4B97-92F9-33C904355A79}"
EndProject
Global
	GlobalSection(SolutionConfigurationPlatforms) = preSolution
		Debug|Any CPU = Debug|Any CPU
		Release|Any CPU = Release|Any CPU
	EndGlobalSection
	GlobalSection(ProjectConfigurationPlatforms) = postSolution
		{76CF9B42-320B-4C08-9511-9AF0D6E18AA4}.Debug|Any CPU.ActiveCfg = Debug|Any CPU
		{76CF9B42-320B-4C08-9511-9AF0D6E18AA4}.Debug|Any CPU.Build.0 = Debug|Any CPU
		{76CF9B42-320B-4C08-9511-9AF0D6E18AA4}.Release|Any CPU.ActiveCfg = Release|Any CPU
		{76CF9B42-320B-4C08-9511-9AF0D6E18AA4}.Release|Any CPU.Build.0 = Release|Any CPU
		{1A555AAB-4F12-4267-9A5A-5F48DCB13C6D}.Debug|Any CPU.ActiveCfg = Debug|Any CPU
		{1A555AAB-4F12-4267-9A5A-5F48DCB13C6D}.Debug|Any CPU.Build.0 = Debug|Any CPU
		{1A555AAB-4F12-4267-9A5A-5F48DCB13C6D}.Release|Any CPU.ActiveCfg = Release|Any CPU
		{1A555AAB-4F12-4267-9A5A-5F48DCB13C6D}.Release|Any CPU.Build.0 = Release|Any CPU
		{9F8B64D5-4516-4396-9974-7696A5912B38}.Debug|Any CPU.ActiveCfg = Debug|Any CPU
		{9F8B64D5-4516-4396-9974-7696A5912B38}.Debug|Any CPU.Build.0 = Debug|Any CPU
		{9F8B64D5-4516-4396-9974-7696A5912B38}.Release|Any CPU.ActiveCfg = Release|Any CPU
		{9F8B64D5-4516-4396-9974-7696A5912B38}.Release|Any CPU.Build.0 = Release|Any CPU
		{80D77B03-8849-4CFA-BCDF-4E0E1A74C9DA}.Debug|Any CPU.ActiveCfg = Debug|Any CPU
		{80D77B03-8849-4CFA-BCDF-4E0E1A74C9DA}.Debug|Any CPU.Build.0 = Debug|Any CPU
		{80D77B03-8849-4CFA-BCDF-4E0E1A74C9DA}.Release|Any CPU.ActiveCfg = Release|Any CPU
		{80D77B03-8849-4CFA-BCDF-4E0E1A74C9DA}.Release|Any CPU.Build.0 = Release|Any CPU
		{855A76B9-7F9F-41E6-8005-44D288A03C8A}.Debug|Any CPU.ActiveCfg = Debug|Any CPU
		{855A76B9-7F9F-41E6-8005-44D288A03C8A}.Debug|Any CPU.Build.0 = Debug|Any CPU
		{855A76B9-7F9F-41E6-8005-44D288A03C8A}.Release|Any CPU.ActiveCfg = Release|Any CPU
		{855A76B9-7F9F-41E6-8005-44D288A03C8A}.Release|Any CPU.Build.0 = Release|Any CPU
		{B58ACB9C-1B77-429C-B1F1-95B4BB25FC16}.Debug|Any CPU.ActiveCfg = Debug|Any CPU
		{B58ACB9C-1B77-429C-B1F1-95B4BB25FC16}.Debug|Any CPU.Build.0 = Debug|Any CPU
		{B58ACB9C-1B77-429C-B1F1-95B4BB25FC16}.Release|Any CPU.ActiveCfg = Release|Any CPU
		{B58ACB9C-1B77-429C-B1F1-95B4BB25FC16}.Release|Any CPU.Build.0 = Release|Any CPU
		{252B1EF9-190F-4372-8E79-21E6DE063382}.Debug|Any CPU.ActiveCfg = Debug|Any CPU
		{252B1EF9-190F-4372-8E79-21E6DE063382}.Debug|Any CPU.Build.0 = Debug|Any CPU
		{252B1EF9-190F-4372-8E79-21E6DE063382}.Release|Any CPU.ActiveCfg = Release|Any CPU
		{252B1EF9-190F-4372-8E79-21E6DE063382}.Release|Any CPU.Build.0 = Release|Any CPU
		{302B78E4-EE55-4C80-A3F1-82B71459A6F8}.Debug|Any CPU.ActiveCfg = Debug|Any CPU
		{302B78E4-EE55-4C80-A3F1-82B71459A6F8}.Debug|Any CPU.Build.0 = Debug|Any CPU
		{302B78E4-EE55-4C80-A3F1-82B71459A6F8}.Release|Any CPU.ActiveCfg = Release|Any CPU
		{302B78E4-EE55-4C80-A3F1-82B71459A6F8}.Release|Any CPU.Build.0 = Release|Any CPU
		{3E99D1E6-660A-4747-A57A-5FAA67FE16FE}.Debug|Any CPU.ActiveCfg = Debug|Any CPU
		{3E99D1E6-660A-4747-A57A-5FAA67FE16FE}.Debug|Any CPU.Build.0 = Debug|Any CPU
		{3E99D1E6-660A-4747-A57A-5FAA67FE16FE}.Release|Any CPU.ActiveCfg = Release|Any CPU
		{3E99D1E6-660A-4747-A57A-5FAA67FE16FE}.Release|Any CPU.Build.0 = Release|Any CPU
		{CDF8F699-56D2-4F99-88BF-61E597FC8D0C}.Debug|Any CPU.ActiveCfg = Debug|Any CPU
		{CDF8F699-56D2-4F99-88BF-61E597FC8D0C}.Debug|Any CPU.Build.0 = Debug|Any CPU
		{CDF8F699-56D2-4F99-88BF-61E597FC8D0C}.Release|Any CPU.ActiveCfg = Release|Any CPU
		{CDF8F699-56D2-4F99-88BF-61E597FC8D0C}.Release|Any CPU.Build.0 = Release|Any CPU
		{E1138587-9CDC-47DF-A823-22E125B9D8A0}.Debug|Any CPU.ActiveCfg = Debug|Any CPU
		{E1138587-9CDC-47DF-A823-22E125B9D8A0}.Debug|Any CPU.Build.0 = Debug|Any CPU
		{E1138587-9CDC-47DF-A823-22E125B9D8A0}.Release|Any CPU.ActiveCfg = Release|Any CPU
		{E1138587-9CDC-47DF-A823-22E125B9D8A0}.Release|Any CPU.Build.0 = Release|Any CPU
		{D4E31E8E-D10F-4B97-92F9-33C904355A79}.Debug|Any CPU.ActiveCfg = Debug|Any CPU
		{D4E31E8E-D10F-4B97-92F9-33C904355A79}.Debug|Any CPU.Build.0 = Debug|Any CPU
		{D4E31E8E-D10F-4B97-92F9-33C904355A79}.Release|Any CPU.ActiveCfg = Release|Any CPU
		{D4E31E8E-D10F-4B97-92F9-33C904355A79}.Release|Any CPU.Build.0 = Release|Any CPU
	EndGlobalSection
	GlobalSection(SolutionProperties) = preSolution
		HideSolutionNode = FALSE
	EndGlobalSection
	GlobalSection(NestedProjects) = preSolution
		{27E8E427-BE8C-44C5-912D-CAD8FAE95F79} = {5E72E538-1180-4DD1-9079-26CDFAD8EDB9}
		{76CF9B42-320B-4C08-9511-9AF0D6E18AA4} = {27E8E427-BE8C-44C5-912D-CAD8FAE95F79}
		{1BCC8C27-1315-4E9B-AEA6-4046FA8F613D} = {5E72E538-1180-4DD1-9079-26CDFAD8EDB9}
		{9F8B64D5-4516-4396-9974-7696A5912B38} = {1BCC8C27-1315-4E9B-AEA6-4046FA8F613D}
		{78D08173-A12E-4C55-9B36-B2E3EC34B059} = {5E72E538-1180-4DD1-9079-26CDFAD8EDB9}
		{80D77B03-8849-4CFA-BCDF-4E0E1A74C9DA} = {78D08173-A12E-4C55-9B36-B2E3EC34B059}
		{855A76B9-7F9F-41E6-8005-44D288A03C8A} = {78D08173-A12E-4C55-9B36-B2E3EC34B059}
		{91ED026B-E376-48DF-BB0C-F57BB4374A05} = {5E72E538-1180-4DD1-9079-26CDFAD8EDB9}
		{B58ACB9C-1B77-429C-B1F1-95B4BB25FC16} = {91ED026B-E376-48DF-BB0C-F57BB4374A05}
		{252B1EF9-190F-4372-8E79-21E6DE063382} = {91ED026B-E376-48DF-BB0C-F57BB4374A05}
		{302B78E4-EE55-4C80-A3F1-82B71459A6F8} = {91ED026B-E376-48DF-BB0C-F57BB4374A05}
		{3E99D1E6-660A-4747-A57A-5FAA67FE16FE} = {91ED026B-E376-48DF-BB0C-F57BB4374A05}
		{CDF8F699-56D2-4F99-88BF-61E597FC8D0C} = {9A31124A-EC58-4FE0-991C-E5459CC1F41C}
		{E1138587-9CDC-47DF-A823-22E125B9D8A0} = {7D6353D1-3224-48FC-B799-6AABFA595258}
		{D4E31E8E-D10F-4B97-92F9-33C904355A79} = {7D6353D1-3224-48FC-B799-6AABFA595258}
	EndGlobalSection
	GlobalSection(ExtensibilityGlobals) = postSolution
		SolutionGuid = {C883E383-65E1-45FD-BB8B-F51040464E5C}
	EndGlobalSection
EndGlobal
